
Microsoft Visual Studio Solution File, Format Version 12.00
# Visual Studio Version 17
VisualStudioVersion = 17.13.35825.156
MinimumVisualStudioVersion = 10.0.40219.1
Project("{2150E333-8FDC-42A3-9474-1A3956D46DE8}") = "src", "src", "{02EA681E-C7D8-13C7-8484-4AC65E1B71E8}"
EndProject
Project("{2150E333-8FDC-42A3-9474-1A3956D46DE8}") = "tests", "tests", "{66DDDF69-DC4B-41A0-99C0-6B6356BA7D1C}"
EndProject
Project("{FAE04EC0-301F-11D3-BF4B-00C04F79EFBC}") = "GOL.WebApi", "src\GOL.WebApi\GOL.WebApi.csproj", "{79AFBDD3-E8DD-4C69-AB58-034D271F093E}"
EndProject
Project("{FAE04EC0-301F-11D3-BF4B-00C04F79EFBC}") = "GOL.Infrastructure", "src\GOL.Infrastructure\GOL.Infrastructure.csproj", "{B3999EEF-3C2C-409E-BBDA-7CB78C3C8D8C}"
EndProject
Project("{FAE04EC0-301F-11D3-BF4B-00C04F79EFBC}") = "GOL.Domain", "src\GOL.Domain\GOL.Domain.csproj", "{7A046F73-A9F7-4F37-BBC5-3832BA9E1D4D}"
EndProject
Project("{FAE04EC0-301F-11D3-BF4B-00C04F79EFBC}") = "GOL.Application", "src\GOL.Application\GOL.Application.csproj", "{851CFE7A-8501-49E3-828F-F14AF4E0D169}"
EndProject
Project("{FAE04EC0-301F-11D3-BF4B-00C04F79EFBC}") = "GOL.Domain.Tests", "tests\GOL.Domain.Tests\GOL.Domain.Tests.csproj", "{2EA4E5EC-FE82-47BE-8BA3-E410DA64F7AC}"
EndProject
Project("{FAE04EC0-301F-11D3-BF4B-00C04F79EFBC}") = "GOL.Application.Tests", "tests\GOL.Application.Tests\GOL.Application.Tests.csproj", "{23233C11-7951-47AA-BA28-23420D93667D}"
EndProject
Project("{FAE04EC0-301F-11D3-BF4B-00C04F79EFBC}") = "GOL.WebApi.Tests", "tests\GOL.WebApi.Tests\GOL.WebApi.Tests.csproj", "{97711B05-0EEA-491B-806C-F6BC467190E0}"
EndProject
Project("{FAE04EC0-301F-11D3-BF4B-00C04F79EFBC}") = "GOL.Tests.Shared", "tests\GOL.Tests.Shared\GOL.Tests.Shared.csproj", "{5054569A-1313-4DEE-BDFB-B08FD31D7591}"
EndProject
Project("{2150E333-8FDC-42A3-9474-1A3956D46DE8}") = "Unit", "Unit", "{4C0E8D6F-389D-4777-8403-5373D06DAFC9}"
EndProject
Project("{2150E333-8FDC-42A3-9474-1A3956D46DE8}") = "Integration", "Integration", "{85A843C9-926A-409D-B6F5-BE5F78771FE8}"
EndProject
Project("{FAE04EC0-301F-11D3-BF4B-00C04F79EFBC}") = "GOL.AppHost", "src\GOL.AppHost\GOL.AppHost.csproj", "{803C0507-90C5-45CE-8152-44E768639866}"
EndProject
Project("{FAE04EC0-301F-11D3-BF4B-00C04F79EFBC}") = "GOL.ServiceDefaults", "src\GOL.ServiceDefaults\GOL.ServiceDefaults.csproj", "{4BEF1F7D-A174-F68C-0589-228205EC24B4}"
EndProject
Project("{2150E333-8FDC-42A3-9474-1A3956D46DE8}") = "Workers", "Workers", "{1B65BCEE-C413-4FC8-9AF4-4882087018AA}"
EndProject
Project("{FAE04EC0-301F-11D3-BF4B-00C04F79EFBC}") = "ProcessBoardStateWorkerService", "src\ProcessBoardStateWorkerService\ProcessBoardStateWorkerService.csproj", "{AEAF73C6-8565-4A44-11CA-9DC365B0E2E7}"
EndProject
Project("{FAE04EC0-301F-11D3-BF4B-00C04F79EFBC}") = "GOL.Messaging", "src\GOL.Messaging\GOL.Messaging.csproj", "{2EA645A5-D315-4569-B49F-D2A3E2F1318D}"
EndProject
Global
	GlobalSection(SolutionConfigurationPlatforms) = preSolution
		Debug|Any CPU = Debug|Any CPU
		Release|Any CPU = Release|Any CPU
	EndGlobalSection
	GlobalSection(ProjectConfigurationPlatforms) = postSolution
		{79AFBDD3-E8DD-4C69-AB58-034D271F093E}.Debug|Any CPU.ActiveCfg = Debug|Any CPU
		{79AFBDD3-E8DD-4C69-AB58-034D271F093E}.Debug|Any CPU.Build.0 = Debug|Any CPU
		{79AFBDD3-E8DD-4C69-AB58-034D271F093E}.Release|Any CPU.ActiveCfg = Release|Any CPU
		{79AFBDD3-E8DD-4C69-AB58-034D271F093E}.Release|Any CPU.Build.0 = Release|Any CPU
		{B3999EEF-3C2C-409E-BBDA-7CB78C3C8D8C}.Debug|Any CPU.ActiveCfg = Debug|Any CPU
		{B3999EEF-3C2C-409E-BBDA-7CB78C3C8D8C}.Debug|Any CPU.Build.0 = Debug|Any CPU
		{B3999EEF-3C2C-409E-BBDA-7CB78C3C8D8C}.Release|Any CPU.ActiveCfg = Release|Any CPU
		{B3999EEF-3C2C-409E-BBDA-7CB78C3C8D8C}.Release|Any CPU.Build.0 = Release|Any CPU
		{7A046F73-A9F7-4F37-BBC5-3832BA9E1D4D}.Debug|Any CPU.ActiveCfg = Debug|Any CPU
		{7A046F73-A9F7-4F37-BBC5-3832BA9E1D4D}.Debug|Any CPU.Build.0 = Debug|Any CPU
		{7A046F73-A9F7-4F37-BBC5-3832BA9E1D4D}.Release|Any CPU.ActiveCfg = Release|Any CPU
		{7A046F73-A9F7-4F37-BBC5-3832BA9E1D4D}.Release|Any CPU.Build.0 = Release|Any CPU
		{851CFE7A-8501-49E3-828F-F14AF4E0D169}.Debug|Any CPU.ActiveCfg = Debug|Any CPU
		{851CFE7A-8501-49E3-828F-F14AF4E0D169}.Debug|Any CPU.Build.0 = Debug|Any CPU
		{851CFE7A-8501-49E3-828F-F14AF4E0D169}.Release|Any CPU.ActiveCfg = Release|Any CPU
		{851CFE7A-8501-49E3-828F-F14AF4E0D169}.Release|Any CPU.Build.0 = Release|Any CPU
		{2EA4E5EC-FE82-47BE-8BA3-E410DA64F7AC}.Debug|Any CPU.ActiveCfg = Debug|Any CPU
		{2EA4E5EC-FE82-47BE-8BA3-E410DA64F7AC}.Debug|Any CPU.Build.0 = Debug|Any CPU
		{2EA4E5EC-FE82-47BE-8BA3-E410DA64F7AC}.Release|Any CPU.ActiveCfg = Release|Any CPU
		{2EA4E5EC-FE82-47BE-8BA3-E410DA64F7AC}.Release|Any CPU.Build.0 = Release|Any CPU
		{23233C11-7951-47AA-BA28-23420D93667D}.Debug|Any CPU.ActiveCfg = Debug|Any CPU
		{23233C11-7951-47AA-BA28-23420D93667D}.Debug|Any CPU.Build.0 = Debug|Any CPU
		{23233C11-7951-47AA-BA28-23420D93667D}.Release|Any CPU.ActiveCfg = Release|Any CPU
		{23233C11-7951-47AA-BA28-23420D93667D}.Release|Any CPU.Build.0 = Release|Any CPU
		{97711B05-0EEA-491B-806C-F6BC467190E0}.Debug|Any CPU.ActiveCfg = Debug|Any CPU
		{97711B05-0EEA-491B-806C-F6BC467190E0}.Debug|Any CPU.Build.0 = Debug|Any CPU
		{97711B05-0EEA-491B-806C-F6BC467190E0}.Release|Any CPU.ActiveCfg = Release|Any CPU
		{97711B05-0EEA-491B-806C-F6BC467190E0}.Release|Any CPU.Build.0 = Release|Any CPU
		{5054569A-1313-4DEE-BDFB-B08FD31D7591}.Debug|Any CPU.ActiveCfg = Debug|Any CPU
		{5054569A-1313-4DEE-BDFB-B08FD31D7591}.Debug|Any CPU.Build.0 = Debug|Any CPU
		{5054569A-1313-4DEE-BDFB-B08FD31D7591}.Release|Any CPU.ActiveCfg = Release|Any CPU
		{5054569A-1313-4DEE-BDFB-B08FD31D7591}.Release|Any CPU.Build.0 = Release|Any CPU
		{803C0507-90C5-45CE-8152-44E768639866}.Debug|Any CPU.ActiveCfg = Debug|Any CPU
		{803C0507-90C5-45CE-8152-44E768639866}.Debug|Any CPU.Build.0 = Debug|Any CPU
		{803C0507-90C5-45CE-8152-44E768639866}.Release|Any CPU.ActiveCfg = Release|Any CPU
		{803C0507-90C5-45CE-8152-44E768639866}.Release|Any CPU.Build.0 = Release|Any CPU
		{4BEF1F7D-A174-F68C-0589-228205EC24B4}.Debug|Any CPU.ActiveCfg = Debug|Any CPU
		{4BEF1F7D-A174-F68C-0589-228205EC24B4}.Debug|Any CPU.Build.0 = Debug|Any CPU
		{4BEF1F7D-A174-F68C-0589-228205EC24B4}.Release|Any CPU.ActiveCfg = Release|Any CPU
		{4BEF1F7D-A174-F68C-0589-228205EC24B4}.Release|Any CPU.Build.0 = Release|Any CPU
		{AEAF73C6-8565-4A44-11CA-9DC365B0E2E7}.Debug|Any CPU.ActiveCfg = Debug|Any CPU
		{AEAF73C6-8565-4A44-11CA-9DC365B0E2E7}.Debug|Any CPU.Build.0 = Debug|Any CPU
		{AEAF73C6-8565-4A44-11CA-9DC365B0E2E7}.Release|Any CPU.ActiveCfg = Release|Any CPU
		{AEAF73C6-8565-4A44-11CA-9DC365B0E2E7}.Release|Any CPU.Build.0 = Release|Any CPU
		{2EA645A5-D315-4569-B49F-D2A3E2F1318D}.Debug|Any CPU.ActiveCfg = Debug|Any CPU
		{2EA645A5-D315-4569-B49F-D2A3E2F1318D}.Debug|Any CPU.Build.0 = Debug|Any CPU
		{2EA645A5-D315-4569-B49F-D2A3E2F1318D}.Release|Any CPU.ActiveCfg = Release|Any CPU
		{2EA645A5-D315-4569-B49F-D2A3E2F1318D}.Release|Any CPU.Build.0 = Release|Any CPU
	EndGlobalSection
	GlobalSection(SolutionProperties) = preSolution
		HideSolutionNode = FALSE
	EndGlobalSection
	GlobalSection(NestedProjects) = preSolution
		{79AFBDD3-E8DD-4C69-AB58-034D271F093E} = {02EA681E-C7D8-13C7-8484-4AC65E1B71E8}
		{B3999EEF-3C2C-409E-BBDA-7CB78C3C8D8C} = {02EA681E-C7D8-13C7-8484-4AC65E1B71E8}
		{7A046F73-A9F7-4F37-BBC5-3832BA9E1D4D} = {02EA681E-C7D8-13C7-8484-4AC65E1B71E8}
		{851CFE7A-8501-49E3-828F-F14AF4E0D169} = {02EA681E-C7D8-13C7-8484-4AC65E1B71E8}
		{2EA4E5EC-FE82-47BE-8BA3-E410DA64F7AC} = {4C0E8D6F-389D-4777-8403-5373D06DAFC9}
		{23233C11-7951-47AA-BA28-23420D93667D} = {4C0E8D6F-389D-4777-8403-5373D06DAFC9}
		{97711B05-0EEA-491B-806C-F6BC467190E0} = {85A843C9-926A-409D-B6F5-BE5F78771FE8}
		{5054569A-1313-4DEE-BDFB-B08FD31D7591} = {66DDDF69-DC4B-41A0-99C0-6B6356BA7D1C}
		{4C0E8D6F-389D-4777-8403-5373D06DAFC9} = {66DDDF69-DC4B-41A0-99C0-6B6356BA7D1C}
		{85A843C9-926A-409D-B6F5-BE5F78771FE8} = {66DDDF69-DC4B-41A0-99C0-6B6356BA7D1C}
		{803C0507-90C5-45CE-8152-44E768639866} = {02EA681E-C7D8-13C7-8484-4AC65E1B71E8}
		{4BEF1F7D-A174-F68C-0589-228205EC24B4} = {02EA681E-C7D8-13C7-8484-4AC65E1B71E8}
		{1B65BCEE-C413-4FC8-9AF4-4882087018AA} = {02EA681E-C7D8-13C7-8484-4AC65E1B71E8}
		{AEAF73C6-8565-4A44-11CA-9DC365B0E2E7} = {1B65BCEE-C413-4FC8-9AF4-4882087018AA}
		{2EA645A5-D315-4569-B49F-D2A3E2F1318D} = {02EA681E-C7D8-13C7-8484-4AC65E1B71E8}
	EndGlobalSection
	GlobalSection(ExtensibilityGlobals) = postSolution
		SolutionGuid = {511622E8-5FF9-4AD1-BD3E-DBCBA24E2972}
	EndGlobalSection
EndGlobal
